
Microsoft Visual Studio Solution File, Format Version 12.00
# Visual Studio Version 16
VisualStudioVersion = 16.0.31205.134
MinimumVisualStudioVersion = 10.0.40219.1
Project("{FAE04EC0-301F-11D3-BF4B-00C04F79EFBC}") = "XinCataLogSwaggerWebAPI", "XinCataLogSwaggerWebAPI\XinCataLogSwaggerWebAPI.csproj", "{4B0FF4B1-4474-47D5-910D-5C6985472D43}"
EndProject
Global
	GlobalSection(SolutionConfigurationPlatforms) = preSolution
		Debug|Any CPU = Debug|Any CPU
		Release|Any CPU = Release|Any CPU
	EndGlobalSection
	GlobalSection(ProjectConfigurationPlatforms) = postSolution
		{4B0FF4B1-4474-47D5-910D-5C6985472D43}.Debug|Any CPU.ActiveCfg = Debug|Any CPU
		{4B0FF4B1-4474-47D5-910D-5C6985472D43}.Debug|Any CPU.Build.0 = Debug|Any CPU
		{4B0FF4B1-4474-47D5-910D-5C6985472D43}.Release|Any CPU.ActiveCfg = Release|Any CPU
		{4B0FF4B1-4474-47D5-910D-5C6985472D43}.Release|Any CPU.Build.0 = Release|Any CPU
	EndGlobalSection
	GlobalSection(SolutionProperties) = preSolution
		HideSolutionNode = FALSE
	EndGlobalSection
	GlobalSection(ExtensibilityGlobals) = postSolution
		SolutionGuid = {24F2474D-D9BB-4178-8C43-988D66BDECFB}
	EndGlobalSection
EndGlobal
